
Microsoft Visual Studio Solution File, Format Version 12.00
# Visual Studio 2013
VisualStudioVersion = 12.0.21005.1
MinimumVisualStudioVersion = 10.0.40219.1
Project("{FAE04EC0-301F-11D3-BF4B-00C04F79EFBC}") = "iPortal", "iPortal\iPortal.csproj", "{C44662D7-4F08-4495-8CA3-B369BD8900B4}"
EndProject
Project("{FAE04EC0-301F-11D3-BF4B-00C04F79EFBC}") = "iPortal.SubmissionUploader", "iPortal.SubmissionUploader\iPortal.SubmissionUploader.csproj", "{9ACCC029-A25F-4D62-BA2E-180251F9EFA3}"
EndProject
Global
	GlobalSection(SolutionConfigurationPlatforms) = preSolution
		Debug|Any CPU = Debug|Any CPU
		Release.Dev|Any CPU = Release.Dev|Any CPU
		Release.Prod|Any CPU = Release.Prod|Any CPU
		Release.Test|Any CPU = Release.Test|Any CPU
		Release|Any CPU = Release|Any CPU
	EndGlobalSection
	GlobalSection(ProjectConfigurationPlatforms) = postSolution
		{C44662D7-4F08-4495-8CA3-B369BD8900B4}.Debug|Any CPU.ActiveCfg = Debug|Any CPU
		{C44662D7-4F08-4495-8CA3-B369BD8900B4}.Debug|Any CPU.Build.0 = Debug|Any CPU
		{C44662D7-4F08-4495-8CA3-B369BD8900B4}.Release.Dev|Any CPU.ActiveCfg = Release.Dev|Any CPU
		{C44662D7-4F08-4495-8CA3-B369BD8900B4}.Release.Dev|Any CPU.Build.0 = Release.Dev|Any CPU
		{C44662D7-4F08-4495-8CA3-B369BD8900B4}.Release.Prod|Any CPU.ActiveCfg = Release.Prod|Any CPU
		{C44662D7-4F08-4495-8CA3-B369BD8900B4}.Release.Prod|Any CPU.Build.0 = Release.Prod|Any CPU
		{C44662D7-4F08-4495-8CA3-B369BD8900B4}.Release.Test|Any CPU.ActiveCfg = Release.Test|Any CPU
		{C44662D7-4F08-4495-8CA3-B369BD8900B4}.Release.Test|Any CPU.Build.0 = Release.Test|Any CPU
		{C44662D7-4F08-4495-8CA3-B369BD8900B4}.Release|Any CPU.ActiveCfg = Release|Any CPU
		{C44662D7-4F08-4495-8CA3-B369BD8900B4}.Release|Any CPU.Build.0 = Release|Any CPU
		{9ACCC029-A25F-4D62-BA2E-180251F9EFA3}.Debug|Any CPU.ActiveCfg = Debug|Any CPU
		{9ACCC029-A25F-4D62-BA2E-180251F9EFA3}.Debug|Any CPU.Build.0 = Debug|Any CPU
		{9ACCC029-A25F-4D62-BA2E-180251F9EFA3}.Release.Dev|Any CPU.ActiveCfg = Release.Dev|Any CPU
		{9ACCC029-A25F-4D62-BA2E-180251F9EFA3}.Release.Dev|Any CPU.Build.0 = Release.Dev|Any CPU
		{9ACCC029-A25F-4D62-BA2E-180251F9EFA3}.Release.Prod|Any CPU.ActiveCfg = Release.Prod|Any CPU
		{9ACCC029-A25F-4D62-BA2E-180251F9EFA3}.Release.Prod|Any CPU.Build.0 = Release.Prod|Any CPU
		{9ACCC029-A25F-4D62-BA2E-180251F9EFA3}.Release.Test|Any CPU.ActiveCfg = Release.Test|Any CPU
		{9ACCC029-A25F-4D62-BA2E-180251F9EFA3}.Release.Test|Any CPU.Build.0 = Release.Test|Any CPU
		{9ACCC029-A25F-4D62-BA2E-180251F9EFA3}.Release|Any CPU.ActiveCfg = Release|Any CPU
		{9ACCC029-A25F-4D62-BA2E-180251F9EFA3}.Release|Any CPU.Build.0 = Release|Any CPU
	EndGlobalSection
	GlobalSection(SolutionProperties) = preSolution
		HideSolutionNode = FALSE
	EndGlobalSection
EndGlobal
