
Microsoft Visual Studio Solution File, Format Version 12.00
# Visual Studio 2012
Project("{FAE04EC0-301F-11D3-BF4B-00C04F79EFBC}") = "SasJobs.Messages", "SasJobs.Messages\SasJobs.Messages.csproj", "{71BE3A05-6ACD-45FC-A666-7642FD4152FC}"
EndProject
Project("{FAE04EC0-301F-11D3-BF4B-00C04F79EFBC}") = "SasJobs.Api", "SasJobs.Api\SasJobs.Api.csproj", "{050B1AA3-E62B-4D3E-95BA-ECECB8F6A5B7}"
EndProject
Project("{FAE04EC0-301F-11D3-BF4B-00C04F79EFBC}") = "SasJobs.ClientLibrary", "SasJobs.ClientLibrary\SasJobs.ClientLibrary.csproj", "{704269A4-A789-4153-AF0B-295DE96D2E1F}"
EndProject
Project("{FAE04EC0-301F-11D3-BF4B-00C04F79EFBC}") = "SasJobs.BackgroundWorker", "SasJobs.BackgroundWorker\SasJobs.BackgroundWorker.csproj", "{8CCBC414-D6DD-42E9-AC05-EEE96DF56CF2}"
EndProject
Project("{FAE04EC0-301F-11D3-BF4B-00C04F79EFBC}") = "SasJobs.Bridge", "SasJobs.Bridge\SasJobs.Bridge.csproj", "{01383F01-3A16-4144-A5A0-EA91551AE260}"
EndProject
Project("{FAE04EC0-301F-11D3-BF4B-00C04F79EFBC}") = "SasJobs.BackgroundWorker.Host", "SasJobs.BackgroundWorker.Host\SasJobs.BackgroundWorker.Host.csproj", "{F846113C-3011-47C1-98FF-82F883A99656}"
EndProject
Project("{FAE04EC0-301F-11D3-BF4B-00C04F79EFBC}") = "SasJobs.BackgroundWorker.WindowsService", "SasJobs.BackgroundWorker.WindowsService\SasJobs.BackgroundWorker.WindowsService.csproj", "{9C985C40-5760-4539-8AD2-57D714E32F2C}"
EndProject
Global
	GlobalSection(SolutionConfigurationPlatforms) = preSolution
		Debug|Any CPU = Debug|Any CPU
		Release|Any CPU = Release|Any CPU
	EndGlobalSection
	GlobalSection(ProjectConfigurationPlatforms) = postSolution
		{71BE3A05-6ACD-45FC-A666-7642FD4152FC}.Debug|Any CPU.ActiveCfg = Debug|Any CPU
		{71BE3A05-6ACD-45FC-A666-7642FD4152FC}.Debug|Any CPU.Build.0 = Debug|Any CPU
		{71BE3A05-6ACD-45FC-A666-7642FD4152FC}.Release|Any CPU.ActiveCfg = Release|Any CPU
		{71BE3A05-6ACD-45FC-A666-7642FD4152FC}.Release|Any CPU.Build.0 = Release|Any CPU
		{050B1AA3-E62B-4D3E-95BA-ECECB8F6A5B7}.Debug|Any CPU.ActiveCfg = Debug|Any CPU
		{050B1AA3-E62B-4D3E-95BA-ECECB8F6A5B7}.Debug|Any CPU.Build.0 = Debug|Any CPU
		{050B1AA3-E62B-4D3E-95BA-ECECB8F6A5B7}.Release|Any CPU.ActiveCfg = Release|Any CPU
		{050B1AA3-E62B-4D3E-95BA-ECECB8F6A5B7}.Release|Any CPU.Build.0 = Release|Any CPU
		{704269A4-A789-4153-AF0B-295DE96D2E1F}.Debug|Any CPU.ActiveCfg = Debug|Any CPU
		{704269A4-A789-4153-AF0B-295DE96D2E1F}.Debug|Any CPU.Build.0 = Debug|Any CPU
		{704269A4-A789-4153-AF0B-295DE96D2E1F}.Release|Any CPU.ActiveCfg = Release|Any CPU
		{704269A4-A789-4153-AF0B-295DE96D2E1F}.Release|Any CPU.Build.0 = Release|Any CPU
		{8CCBC414-D6DD-42E9-AC05-EEE96DF56CF2}.Debug|Any CPU.ActiveCfg = Debug|Any CPU
		{8CCBC414-D6DD-42E9-AC05-EEE96DF56CF2}.Debug|Any CPU.Build.0 = Debug|Any CPU
		{8CCBC414-D6DD-42E9-AC05-EEE96DF56CF2}.Release|Any CPU.ActiveCfg = Release|Any CPU
		{8CCBC414-D6DD-42E9-AC05-EEE96DF56CF2}.Release|Any CPU.Build.0 = Release|Any CPU
		{01383F01-3A16-4144-A5A0-EA91551AE260}.Debug|Any CPU.ActiveCfg = Debug|Any CPU
		{01383F01-3A16-4144-A5A0-EA91551AE260}.Debug|Any CPU.Build.0 = Debug|Any CPU
		{01383F01-3A16-4144-A5A0-EA91551AE260}.Release|Any CPU.ActiveCfg = Release|Any CPU
		{01383F01-3A16-4144-A5A0-EA91551AE260}.Release|Any CPU.Build.0 = Release|Any CPU
		{F846113C-3011-47C1-98FF-82F883A99656}.Debug|Any CPU.ActiveCfg = Debug|Any CPU
		{F846113C-3011-47C1-98FF-82F883A99656}.Debug|Any CPU.Build.0 = Debug|Any CPU
		{F846113C-3011-47C1-98FF-82F883A99656}.Release|Any CPU.ActiveCfg = Release|Any CPU
		{F846113C-3011-47C1-98FF-82F883A99656}.Release|Any CPU.Build.0 = Release|Any CPU
		{9C985C40-5760-4539-8AD2-57D714E32F2C}.Debug|Any CPU.ActiveCfg = Debug|Any CPU
		{9C985C40-5760-4539-8AD2-57D714E32F2C}.Debug|Any CPU.Build.0 = Debug|Any CPU
		{9C985C40-5760-4539-8AD2-57D714E32F2C}.Release|Any CPU.ActiveCfg = Release|Any CPU
		{9C985C40-5760-4539-8AD2-57D714E32F2C}.Release|Any CPU.Build.0 = Release|Any CPU
	EndGlobalSection
	GlobalSection(SolutionProperties) = preSolution
		HideSolutionNode = FALSE
	EndGlobalSection
EndGlobal
